
Microsoft Visual Studio Solution File, Format Version 12.00
Project("{FAE04EC0-301F-11D3-BF4B-00C04F79EFBC}") = "UnleashClientTests", "UnleashClientTests\UnleashClientTests.csproj", "{80929A2B-E2E8-47C1-8B99-023E5EC0D52A}"
EndProject
Global
	GlobalSection(SolutionConfigurationPlatforms) = preSolution
		Debug|Any CPU = Debug|Any CPU
		Release|Any CPU = Release|Any CPU
	EndGlobalSection
	GlobalSection(ProjectConfigurationPlatforms) = postSolution
		{80929A2B-E2E8-47C1-8B99-023E5EC0D52A}.Debug|Any CPU.ActiveCfg = Debug|Any CPU
		{80929A2B-E2E8-47C1-8B99-023E5EC0D52A}.Debug|Any CPU.Build.0 = Debug|Any CPU
		{80929A2B-E2E8-47C1-8B99-023E5EC0D52A}.Release|Any CPU.ActiveCfg = Release|Any CPU
		{80929A2B-E2E8-47C1-8B99-023E5EC0D52A}.Release|Any CPU.Build.0 = Release|Any CPU
	EndGlobalSection
EndGlobal
